
Microsoft Visual Studio Solution File, Format Version 12.00
# Visual Studio Version 17
VisualStudioVersion = 17.9.34622.214
MinimumVisualStudioVersion = 10.0.40219.1
Project("{FAE04EC0-301F-11D3-BF4B-00C04F79EFBC}") = "ExaminationSystemITI", "ExaminationSystemITI\ExaminationSystemITI.csproj", "{7418ADF0-B231-43AB-B1DB-E3A0B8616111}"
EndProject
Global
	GlobalSection(SolutionConfigurationPlatforms) = preSolution
		Debug|Any CPU = Debug|Any CPU
		Release|Any CPU = Release|Any CPU
	EndGlobalSection
	GlobalSection(ProjectConfigurationPlatforms) = postSolution
		{7418ADF0-B231-43AB-B1DB-E3A0B8616111}.Debug|Any CPU.ActiveCfg = Debug|Any CPU
		{7418ADF0-B231-43AB-B1DB-E3A0B8616111}.Debug|Any CPU.Build.0 = Debug|Any CPU
		{7418ADF0-B231-43AB-B1DB-E3A0B8616111}.Release|Any CPU.ActiveCfg = Release|Any CPU
		{7418ADF0-B231-43AB-B1DB-E3A0B8616111}.Release|Any CPU.Build.0 = Release|Any CPU
	EndGlobalSection
	GlobalSection(SolutionProperties) = preSolution
		HideSolutionNode = FALSE
	EndGlobalSection
	GlobalSection(ExtensibilityGlobals) = postSolution
		SolutionGuid = {163E126A-653A-4E0E-BD5F-C3F62140E208}
	EndGlobalSection
EndGlobal
